
Microsoft Visual Studio Solution File, Format Version 12.00
# Visual Studio Version 17
VisualStudioVersion = 17.4.33015.44
MinimumVisualStudioVersion = 10.0.40219.1
Project("{9A19103F-16F7-4668-BE54-9A1E7A4F7556}") = "Templar", "Templar\Templar.csproj", "{45AAACA2-C245-451F-BC4B-30CF3F4AA41F}"
EndProject
Project("{9A19103F-16F7-4668-BE54-9A1E7A4F7556}") = "Templar.Tests", "Templar.Tests\Templar.Tests.csproj", "{02771BE8-656E-4AD3-8A1A-851B1B676F38}"
EndProject
Project("{9A19103F-16F7-4668-BE54-9A1E7A4F7556}") = "Templar.Example", "Templar.Example\Templar.Example.csproj", "{06457563-DA67-4CBE-82E7-CB5193F6D94B}"
EndProject
Project("{2150E333-8FDC-42A3-9474-1A3956D46DE8}") = "Solution Items", "Solution Items", "{D53FACEF-A81F-4B56-8879-2DF21687414E}"
	ProjectSection(SolutionItems) = preProject
		Readme.md = Readme.md
	EndProjectSection
EndProject
Global
	GlobalSection(SolutionConfigurationPlatforms) = preSolution
		Debug|Any CPU = Debug|Any CPU
		Release|Any CPU = Release|Any CPU
	EndGlobalSection
	GlobalSection(ProjectConfigurationPlatforms) = postSolution
		{45AAACA2-C245-451F-BC4B-30CF3F4AA41F}.Debug|Any CPU.ActiveCfg = Debug|Any CPU
		{45AAACA2-C245-451F-BC4B-30CF3F4AA41F}.Debug|Any CPU.Build.0 = Debug|Any CPU
		{45AAACA2-C245-451F-BC4B-30CF3F4AA41F}.Release|Any CPU.ActiveCfg = Release|Any CPU
		{45AAACA2-C245-451F-BC4B-30CF3F4AA41F}.Release|Any CPU.Build.0 = Release|Any CPU
		{02771BE8-656E-4AD3-8A1A-851B1B676F38}.Debug|Any CPU.ActiveCfg = Debug|Any CPU
		{02771BE8-656E-4AD3-8A1A-851B1B676F38}.Debug|Any CPU.Build.0 = Debug|Any CPU
		{02771BE8-656E-4AD3-8A1A-851B1B676F38}.Release|Any CPU.ActiveCfg = Release|Any CPU
		{02771BE8-656E-4AD3-8A1A-851B1B676F38}.Release|Any CPU.Build.0 = Release|Any CPU
		{06457563-DA67-4CBE-82E7-CB5193F6D94B}.Debug|Any CPU.ActiveCfg = Debug|Any CPU
		{06457563-DA67-4CBE-82E7-CB5193F6D94B}.Debug|Any CPU.Build.0 = Debug|Any CPU
		{06457563-DA67-4CBE-82E7-CB5193F6D94B}.Release|Any CPU.ActiveCfg = Release|Any CPU
		{06457563-DA67-4CBE-82E7-CB5193F6D94B}.Release|Any CPU.Build.0 = Release|Any CPU
	EndGlobalSection
	GlobalSection(SolutionProperties) = preSolution
		HideSolutionNode = FALSE
	EndGlobalSection
	GlobalSection(ExtensibilityGlobals) = postSolution
		SolutionGuid = {03CA89FB-F7FA-4A9B-ADA2-689AA017A288}
	EndGlobalSection
EndGlobal
